
Microsoft Visual Studio Solution File, Format Version 12.00
# Visual Studio Version 17
VisualStudioVersion = 17.13.35828.75 d17.13
MinimumVisualStudioVersion = 10.0.40219.1
Project("{FAE04EC0-301F-11D3-BF4B-00C04F79EFBC}") = "TournoisPlanning", "TournoisPlanning\TournoisPlanning.csproj", "{323569A9-7AD0-4EEE-B1D1-B20A4895290E}"
EndProject
Global
	GlobalSection(SolutionConfigurationPlatforms) = preSolution
		Debug|Any CPU = Debug|Any CPU
		Release|Any CPU = Release|Any CPU
	EndGlobalSection
	GlobalSection(ProjectConfigurationPlatforms) = postSolution
		{323569A9-7AD0-4EEE-B1D1-B20A4895290E}.Debug|Any CPU.ActiveCfg = Debug|Any CPU
		{323569A9-7AD0-4EEE-B1D1-B20A4895290E}.Debug|Any CPU.Build.0 = Debug|Any CPU
		{323569A9-7AD0-4EEE-B1D1-B20A4895290E}.Release|Any CPU.ActiveCfg = Release|Any CPU
		{323569A9-7AD0-4EEE-B1D1-B20A4895290E}.Release|Any CPU.Build.0 = Release|Any CPU
	EndGlobalSection
	GlobalSection(SolutionProperties) = preSolution
		HideSolutionNode = FALSE
	EndGlobalSection
	GlobalSection(ExtensibilityGlobals) = postSolution
		SolutionGuid = {F7CFE9C4-97BD-48BC-A996-B8F13E686374}
	EndGlobalSection
EndGlobal
